// !$*UTF8*$!
{
	archiveVersion = 1;
	classes = {
	};
	objectVersion = 46;
	objects = {

/* Begin PBXBuildFile section */
		202DE54D973689C54940E15B /* Pods_ExploringRxSwift.framework in Frameworks */ = {isa = PBXBuildFile; fileRef = DED2A28318567E0BBD5E90A9 /* Pods_ExploringRxSwift.framework */; };
		4212618A73FABA8A2D0781CA /* Pods_ExploringRxSwiftTests.framework in Frameworks */ = {isa = PBXBuildFile; fileRef = 4F1E223BAE608A8FB1E051B3 /* Pods_ExploringRxSwiftTests.framework */; };
		4DF414F91F3F6A5F00BC4059 /* AppDelegate.swift in Sources */ = {isa = PBXBuildFile; fileRef = 4DF414F81F3F6A5F00BC4059 /* AppDelegate.swift */; };
		4DF414FB1F3F6A5F00BC4059 /* MainViewController.swift in Sources */ = {isa = PBXBuildFile; fileRef = 4DF414FA1F3F6A5F00BC4059 /* MainViewController.swift */; };
		4DF415001F3F6A5F00BC4059 /* Assets.xcassets in Resources */ = {isa = PBXBuildFile; fileRef = 4DF414FF1F3F6A5F00BC4059 /* Assets.xcassets */; };
		4DF415031F3F6A5F00BC4059 /* LaunchScreen.storyboard in Resources */ = {isa = PBXBuildFile; fileRef = 4DF415011F3F6A5F00BC4059 /* LaunchScreen.storyboard */; };
		4DF4150E1F3F6A5F00BC4059 /* ExploringRxSwiftTests.swift in Sources */ = {isa = PBXBuildFile; fileRef = 4DF4150D1F3F6A5F00BC4059 /* ExploringRxSwiftTests.swift */; };
/* End PBXBuildFile section */

/* Begin PBXContainerItemProxy section */
		4DF4150A1F3F6A5F00BC4059 /* PBXContainerItemProxy */ = {
			isa = PBXContainerItemProxy;
			containerPortal = 4DF414ED1F3F6A5F00BC4059 /* Project object */;
			proxyType = 1;
			remoteGlobalIDString = 4DF414F41F3F6A5F00BC4059;
			remoteInfo = ExploringRxSwift;
		};
/* End PBXContainerItemProxy section */

/* Begin PBXFileReference section */
		0639F7733AEDD3EAB5C8B151 /* Pods-ExploringRxSwift.debug.xcconfig */ = {isa = PBXFileReference; includeInIndex = 1; lastKnownFileType = text.xcconfig; name = "Pods-ExploringRxSwift.debug.xcconfig"; path = "Pods/Target Support Files/Pods-ExploringRxSwift/Pods-ExploringRxSwift.debug.xcconfig"; sourceTree = "<group>"; };
		4DF414F51F3F6A5F00BC4059 /* ExploringRxSwift.app */ = {isa = PBXFileReference; explicitFileType = wrapper.application; includeInIndex = 0; path = ExploringRxSwift.app; sourceTree = BUILT_PRODUCTS_DIR; };
		4DF414F81F3F6A5F00BC4059 /* AppDelegate.swift */ = {isa = PBXFileReference; lastKnownFileType = sourcecode.swift; path = AppDelegate.swift; sourceTree = "<group>"; };
		4DF414FA1F3F6A5F00BC4059 /* MainViewController.swift */ = {isa = PBXFileReference; lastKnownFileType = sourcecode.swift; path = MainViewController.swift; sourceTree = "<group>"; };
		4DF414FF1F3F6A5F00BC4059 /* Assets.xcassets */ = {isa = PBXFileReference; lastKnownFileType = folder.assetcatalog; path = Assets.xcassets; sourceTree = "<group>"; };
		4DF415021F3F6A5F00BC4059 /* Base */ = {isa = PBXFileReference; lastKnownFileType = file.storyboard; name = Base; path = Base.lproj/LaunchScreen.storyboard; sourceTree = "<group>"; };
		4DF415041F3F6A5F00BC4059 /* Info.plist */ = {isa = PBXFileReference; lastKnownFileType = text.plist.xml; path = Info.plist; sourceTree = "<group>"; };
		4DF415091F3F6A5F00BC4059 /* ExploringRxSwiftTests.xctest */ = {isa = PBXFileReference; explicitFileType = wrapper.cfbundle; includeInIndex = 0; path = ExploringRxSwiftTests.xctest; sourceTree = BUILT_PRODUCTS_DIR; };
		4DF4150D1F3F6A5F00BC4059 /* ExploringRxSwiftTests.swift */ = {isa = PBXFileReference; lastKnownFileType = sourcecode.swift; path = ExploringRxSwiftTests.swift; sourceTree = "<group>"; };
		4DF4150F1F3F6A5F00BC4059 /* Info.plist */ = {isa = PBXFileReference; lastKnownFileType = text.plist.xml; path = Info.plist; sourceTree = "<group>"; };
		4F1E223BAE608A8FB1E051B3 /* Pods_ExploringRxSwiftTests.framework */ = {isa = PBXFileReference; explicitFileType = wrapper.framework; includeInIndex = 0; path = Pods_ExploringRxSwiftTests.framework; sourceTree = BUILT_PRODUCTS_DIR; };
		B49464C3A85A65FD522051C4 /* Pods-ExploringRxSwiftTests.release.xcconfig */ = {isa = PBXFileReference; includeInIndex = 1; lastKnownFileType = text.xcconfig; name = "Pods-ExploringRxSwiftTests.release.xcconfig"; path = "Pods/Target Support Files/Pods-ExploringRxSwiftTests/Pods-ExploringRxSwiftTests.release.xcconfig"; sourceTree = "<group>"; };
		C60F4BDF957F5DCE054C7F49 /* Pods-ExploringRxSwift.release.xcconfig */ = {isa = PBXFileReference; includeInIndex = 1; lastKnownFileType = text.xcconfig; name = "Pods-ExploringRxSwift.release.xcconfig"; path = "Pods/Target Support Files/Pods-ExploringRxSwift/Pods-ExploringRxSwift.release.xcconfig"; sourceTree = "<group>"; };
		DED2A28318567E0BBD5E90A9 /* Pods_ExploringRxSwift.framework */ = {isa = PBXFileReference; explicitFileType = wrapper.framework; includeInIndex = 0; path = Pods_ExploringRxSwift.framework; sourceTree = BUILT_PRODUCTS_DIR; };
		EDDF301365F7C98A81ADA575 /* Pods-ExploringRxSwiftTests.debug.xcconfig */ = {isa = PBXFileReference; includeInIndex = 1; lastKnownFileType = text.xcconfig; name = "Pods-ExploringRxSwiftTests.debug.xcconfig"; path = "Pods/Target Support Files/Pods-ExploringRxSwiftTests/Pods-ExploringRxSwiftTests.debug.xcconfig"; sourceTree = "<group>"; };
/* End PBXFileReference section */

/* Begin PBXFrameworksBuildPhase section */
		4DF414F21F3F6A5F00BC4059 /* Frameworks */ = {
			isa = PBXFrameworksBuildPhase;
			buildActionMask = 2147483647;
			files = (
				202DE54D973689C54940E15B /* Pods_ExploringRxSwift.framework in Frameworks */,
			);
			runOnlyForDeploymentPostprocessing = 0;
		};
		4DF415061F3F6A5F00BC4059 /* Frameworks */ = {
			isa = PBXFrameworksBuildPhase;
			buildActionMask = 2147483647;
			files = (
				4212618A73FABA8A2D0781CA /* Pods_ExploringRxSwiftTests.framework in Frameworks */,
			);
			runOnlyForDeploymentPostprocessing = 0;
		};
/* End PBXFrameworksBuildPhase section */

/* Begin PBXGroup section */
		4DF414EC1F3F6A5F00BC4059 = {
			isa = PBXGroup;
			children = (
				4DF414F71F3F6A5F00BC4059 /* ExploringRxSwift */,
				4DF4150C1F3F6A5F00BC4059 /* ExploringRxSwiftTests */,
				4DF414F61F3F6A5F00BC4059 /* Products */,
				9C9D5DFC3503FA499107D6D1 /* Pods */,
				C8716FB5CA0E998199810585 /* Frameworks */,
			);
			sourceTree = "<group>";
		};
		4DF414F61F3F6A5F00BC4059 /* Products */ = {
			isa = PBXGroup;
			children = (
				4DF414F51F3F6A5F00BC4059 /* ExploringRxSwift.app */,
				4DF415091F3F6A5F00BC4059 /* ExploringRxSwiftTests.xctest */,
			);
			name = Products;
			sourceTree = "<group>";
		};
		4DF414F71F3F6A5F00BC4059 /* ExploringRxSwift */ = {
			isa = PBXGroup;
			children = (
				4DF414F81F3F6A5F00BC4059 /* AppDelegate.swift */,
				4DF414FA1F3F6A5F00BC4059 /* MainViewController.swift */,
				4DF414FF1F3F6A5F00BC4059 /* Assets.xcassets */,
				4DF415011F3F6A5F00BC4059 /* LaunchScreen.storyboard */,
				4DF415041F3F6A5F00BC4059 /* Info.plist */,
			);
			path = ExploringRxSwift;
			sourceTree = "<group>";
		};
		4DF4150C1F3F6A5F00BC4059 /* ExploringRxSwiftTests */ = {
			isa = PBXGroup;
			children = (
				4DF4150D1F3F6A5F00BC4059 /* ExploringRxSwiftTests.swift */,
				4DF4150F1F3F6A5F00BC4059 /* Info.plist */,
			);
			path = ExploringRxSwiftTests;
			sourceTree = "<group>";
		};
		9C9D5DFC3503FA499107D6D1 /* Pods */ = {
			isa = PBXGroup;
			children = (
				0639F7733AEDD3EAB5C8B151 /* Pods-ExploringRxSwift.debug.xcconfig */,
				C60F4BDF957F5DCE054C7F49 /* Pods-ExploringRxSwift.release.xcconfig */,
				EDDF301365F7C98A81ADA575 /* Pods-ExploringRxSwiftTests.debug.xcconfig */,
				B49464C3A85A65FD522051C4 /* Pods-ExploringRxSwiftTests.release.xcconfig */,
			);
			name = Pods;
			sourceTree = "<group>";
		};
		C8716FB5CA0E998199810585 /* Frameworks */ = {
			isa = PBXGroup;
			children = (
				DED2A28318567E0BBD5E90A9 /* Pods_ExploringRxSwift.framework */,
				4F1E223BAE608A8FB1E051B3 /* Pods_ExploringRxSwiftTests.framework */,
			);
			name = Frameworks;
			sourceTree = "<group>";
		};
/* End PBXGroup section */

/* Begin PBXNativeTarget section */
		4DF414F41F3F6A5F00BC4059 /* ExploringRxSwift */ = {
			isa = PBXNativeTarget;
			buildConfigurationList = 4DF415121F3F6A5F00BC4059 /* Build configuration list for PBXNativeTarget "ExploringRxSwift" */;
			buildPhases = (
				EFD25F841AA34BE76F52D271 /* [CP] Check Pods Manifest.lock */,
				4DF414F11F3F6A5F00BC4059 /* Sources */,
				4DF414F21F3F6A5F00BC4059 /* Frameworks */,
				4DF414F31F3F6A5F00BC4059 /* Resources */,
				B9373D749D443584EE4E6E93 /* [CP] Embed Pods Frameworks */,
				5F0B9E00FF15E7C633D9E874 /* [CP] Copy Pods Resources */,
			);
			buildRules = (
			);
			dependencies = (
			);
			name = ExploringRxSwift;
			productName = ExploringRxSwift;
			productReference = 4DF414F51F3F6A5F00BC4059 /* ExploringRxSwift.app */;
			productType = "com.apple.product-type.application";
		};
		4DF415081F3F6A5F00BC4059 /* ExploringRxSwiftTests */ = {
			isa = PBXNativeTarget;
			buildConfigurationList = 4DF415151F3F6A5F00BC4059 /* Build configuration list for PBXNativeTarget "ExploringRxSwiftTests" */;
			buildPhases = (
				80F5156CED7744583F34637C /* [CP] Check Pods Manifest.lock */,
				4DF415051F3F6A5F00BC4059 /* Sources */,
				4DF415061F3F6A5F00BC4059 /* Frameworks */,
				4DF415071F3F6A5F00BC4059 /* Resources */,
				BFE618A00B892EB6BA2A31F6 /* [CP] Embed Pods Frameworks */,
				C3D16DF825E96C1C21101CEE /* [CP] Copy Pods Resources */,
			);
			buildRules = (
			);
			dependencies = (
				4DF4150B1F3F6A5F00BC4059 /* PBXTargetDependency */,
			);
			name = ExploringRxSwiftTests;
			productName = ExploringRxSwiftTests;
			productReference = 4DF415091F3F6A5F00BC4059 /* ExploringRxSwiftTests.xctest */;
			productType = "com.apple.product-type.bundle.unit-test";
		};
/* End PBXNativeTarget section */

/* Begin PBXProject section */
		4DF414ED1F3F6A5F00BC4059 /* Project object */ = {
			isa = PBXProject;
			attributes = {
				LastSwiftUpdateCheck = 0830;
				LastUpgradeCheck = 0830;
				ORGANIZATIONNAME = "Aleksey Kuznetsov";
				TargetAttributes = {
					4DF414F41F3F6A5F00BC4059 = {
						CreatedOnToolsVersion = 8.3.3;
						DevelopmentTeam = 5PFN962R6A;
						ProvisioningStyle = Automatic;
					};
					4DF415081F3F6A5F00BC4059 = {
						CreatedOnToolsVersion = 8.3.3;
						DevelopmentTeam = 5PFN962R6A;
						ProvisioningStyle = Automatic;
						TestTargetID = 4DF414F41F3F6A5F00BC4059;
					};
				};
			};
			buildConfigurationList = 4DF414F01F3F6A5F00BC4059 /* Build configuration list for PBXProject "ExploringRxSwift" */;
			compatibilityVersion = "Xcode 3.2";
			developmentRegion = English;
			hasScannedForEncodings = 0;
			knownRegions = (
				en,
				Base,
			);
			mainGroup = 4DF414EC1F3F6A5F00BC4059;
			productRefGroup = 4DF414F61F3F6A5F00BC4059 /* Products */;
			projectDirPath = "";
			projectRoot = "";
			targets = (
				4DF414F41F3F6A5F00BC4059 /* ExploringRxSwift */,
				4DF415081F3F6A5F00BC4059 /* ExploringRxSwiftTests */,
			);
		};
/* End PBXProject section */

/* Begin PBXResourcesBuildPhase section */
		4DF414F31F3F6A5F00BC4059 /* Resources */ = {
			isa = PBXResourcesBuildPhase;
			buildActionMask = 2147483647;
			files = (
				4DF415031F3F6A5F00BC4059 /* LaunchScreen.storyboard in Resources */,
				4DF415001F3F6A5F00BC4059 /* Assets.xcassets in Resources */,
			);
			runOnlyForDeploymentPostprocessing = 0;
		};
		4DF415071F3F6A5F00BC4059 /* Resources */ = {
			isa = PBXResourcesBuildPhase;
			buildActionMask = 2147483647;
			files = (
			);
			runOnlyForDeploymentPostprocessing = 0;
		};
/* End PBXResourcesBuildPhase section */

/* Begin PBXShellScriptBuildPhase section */
		5F0B9E00FF15E7C633D9E874 /* [CP] Copy Pods Resources */ = {
			isa = PBXShellScriptBuildPhase;
			buildActionMask = 2147483647;
			files = (
			);
			inputPaths = (
			);
			name = "[CP] Copy Pods Resources";
			outputPaths = (
			);
			runOnlyForDeploymentPostprocessing = 0;
			shellPath = /bin/sh;
			shellScript = "\"${SRCROOT}/Pods/Target Support Files/Pods-ExploringRxSwift/Pods-ExploringRxSwift-resources.sh\"\n";
			showEnvVarsInLog = 0;
		};
		80F5156CED7744583F34637C /* [CP] Check Pods Manifest.lock */ = {
			isa = PBXShellScriptBuildPhase;
			buildActionMask = 2147483647;
			files = (
			);
			inputPaths = (
				"${PODS_PODFILE_DIR_PATH}/Podfile.lock",
				"${PODS_ROOT}/Manifest.lock",
			);
			name = "[CP] Check Pods Manifest.lock";
			outputPaths = (
				"$(DERIVED_FILE_DIR)/Pods-ExploringRxSwiftTests-checkManifestLockResult.txt",
			);
			runOnlyForDeploymentPostprocessing = 0;
			shellPath = /bin/sh;
			shellScript = "diff \"${PODS_PODFILE_DIR_PATH}/Podfile.lock\" \"${PODS_ROOT}/Manifest.lock\" > /dev/null\nif [ $? != 0 ] ; then\n    # print error to STDERR\n    echo \"error: The sandbox is not in sync with the Podfile.lock. Run 'pod install' or update your CocoaPods installation.\" >&2\n    exit 1\nfi\n# This output is used by Xcode 'outputs' to avoid re-running this script phase.\necho \"SUCCESS\" > \"${SCRIPT_OUTPUT_FILE_0}\"\n";
			showEnvVarsInLog = 0;
		};
		B9373D749D443584EE4E6E93 /* [CP] Embed Pods Frameworks */ = {
			isa = PBXShellScriptBuildPhase;
			buildActionMask = 2147483647;
			files = (
			);
			inputPaths = (
				"${SRCROOT}/Pods/Target Support Files/Pods-ExploringRxSwift/Pods-ExploringRxSwift-frameworks.sh",
				"${BUILT_PRODUCTS_DIR}/Cartography/Cartography.framework",
				"${BUILT_PRODUCTS_DIR}/RxCocoa/RxCocoa.framework",
				"${BUILT_PRODUCTS_DIR}/RxSwift/RxSwift.framework",
			);
			name = "[CP] Embed Pods Frameworks";
			outputPaths = (
				"${TARGET_BUILD_DIR}/${FRAMEWORKS_FOLDER_PATH}/Cartography.framework",
				"${TARGET_BUILD_DIR}/${FRAMEWORKS_FOLDER_PATH}/RxCocoa.framework",
				"${TARGET_BUILD_DIR}/${FRAMEWORKS_FOLDER_PATH}/RxSwift.framework",
			);
			runOnlyForDeploymentPostprocessing = 0;
			shellPath = /bin/sh;
			shellScript = "\"${SRCROOT}/Pods/Target Support Files/Pods-ExploringRxSwift/Pods-ExploringRxSwift-frameworks.sh\"\n";
			showEnvVarsInLog = 0;
		};
		BFE618A00B892EB6BA2A31F6 /* [CP] Embed Pods Frameworks */ = {
			isa = PBXShellScriptBuildPhase;
			buildActionMask = 2147483647;
			files = (
			);
			inputPaths = (
				"${SRCROOT}/Pods/Target Support Files/Pods-ExploringRxSwiftTests/Pods-ExploringRxSwiftTests-frameworks.sh",
				"${BUILT_PRODUCTS_DIR}/RxSwift/RxSwift.framework",
				"${BUILT_PRODUCTS_DIR}/RxBlocking/RxBlocking.framework",
				"${BUILT_PRODUCTS_DIR}/RxTest/RxTest.framework",
			);
			name = "[CP] Embed Pods Frameworks";
			outputPaths = (
				"${TARGET_BUILD_DIR}/${FRAMEWORKS_FOLDER_PATH}/RxSwift.framework",
				"${TARGET_BUILD_DIR}/${FRAMEWORKS_FOLDER_PATH}/RxBlocking.framework",
				"${TARGET_BUILD_DIR}/${FRAMEWORKS_FOLDER_PATH}/RxTest.framework",
			);
			runOnlyForDeploymentPostprocessing = 0;
			shellPath = /bin/sh;
			shellScript = "\"${SRCROOT}/Pods/Target Support Files/Pods-ExploringRxSwiftTests/Pods-ExploringRxSwiftTests-frameworks.sh\"\n";
			showEnvVarsInLog = 0;
		};
		C3D16DF825E96C1C21101CEE /* [CP] Copy Pods Resources */ = {
			isa = PBXShellScriptBuildPhase;
			buildActionMask = 2147483647;
			files = (
			);
			inputPaths = (
			);
			name = "[CP] Copy Pods Resources";
			outputPaths = (
			);
			runOnlyForDeploymentPostprocessing = 0;
			shellPath = /bin/sh;
			shellScript = "\"${SRCROOT}/Pods/Target Support Files/Pods-ExploringRxSwiftTests/Pods-ExploringRxSwiftTests-resources.sh\"\n";
			showEnvVarsInLog = 0;
		};
		EFD25F841AA34BE76F52D271 /* [CP] Check Pods Manifest.lock */ = {
			isa = PBXShellScriptBuildPhase;
			buildActionMask = 2147483647;
			files = (
			);
			inputPaths = (
				"${PODS_PODFILE_DIR_PATH}/Podfile.lock",
				"${PODS_ROOT}/Manifest.lock",
			);
			name = "[CP] Check Pods Manifest.lock";
			outputPaths = (
				"$(DERIVED_FILE_DIR)/Pods-ExploringRxSwift-checkManifestLockResult.txt",
			);
			runOnlyForDeploymentPostprocessing = 0;
			shellPath = /bin/sh;
			shellScript = "diff \"${PODS_PODFILE_DIR_PATH}/Podfile.lock\" \"${PODS_ROOT}/Manifest.lock\" > /dev/null\nif [ $? != 0 ] ; then\n    # print error to STDERR\n    echo \"error: The sandbox is not in sync with the Podfile.lock. Run 'pod install' or update your CocoaPods installation.\" >&2\n    exit 1\nfi\n# This output is used by Xcode 'outputs' to avoid re-running this script phase.\necho \"SUCCESS\" > \"${SCRIPT_OUTPUT_FILE_0}\"\n";
			showEnvVarsInLog = 0;
		};
/* End PBXShellScriptBuildPhase section */

/* Begin PBXSourcesBuildPhase section */
		4DF414F11F3F6A5F00BC4059 /* Sources */ = {
			isa = PBXSourcesBuildPhase;
			buildActionMask = 2147483647;
			files = (
				4DF414FB1F3F6A5F00BC4059 /* MainViewController.swift in Sources */,
				4DF414F91F3F6A5F00BC4059 /* AppDelegate.swift in Sources */,
			);
			runOnlyForDeploymentPostprocessing = 0;
		};
		4DF415051F3F6A5F00BC4059 /* Sources */ = {
			isa = PBXSourcesBuildPhase;
			buildActionMask = 2147483647;
			files = (
				4DF4150E1F3F6A5F00BC4059 /* ExploringRxSwiftTests.swift in Sources */,
			);
			runOnlyForDeploymentPostprocessing = 0;
		};
/* End PBXSourcesBuildPhase section */

/* Begin PBXTargetDependency section */
		4DF4150B1F3F6A5F00BC4059 /* PBXTargetDependency */ = {
			isa = PBXTargetDependency;
			target = 4DF414F41F3F6A5F00BC4059 /* ExploringRxSwift */;
			targetProxy = 4DF4150A1F3F6A5F00BC4059 /* PBXContainerItemProxy */;
		};
/* End PBXTargetDependency section */

/* Begin PBXVariantGroup section */
		4DF415011F3F6A5F00BC4059 /* LaunchScreen.storyboard */ = {
			isa = PBXVariantGroup;
			children = (
				4DF415021F3F6A5F00BC4059 /* Base */,
			);
			name = LaunchScreen.storyboard;
			sourceTree = "<group>";
		};
/* End PBXVariantGroup section */

/* Begin XCBuildConfiguration section */
		4DF415101F3F6A5F00BC4059 /* Debug */ = {
			isa = XCBuildConfiguration;
			buildSettings = {
				ALWAYS_SEARCH_USER_PATHS = NO;
				CLANG_ANALYZER_NONNULL = YES;
				CLANG_ANALYZER_NUMBER_OBJECT_CONVERSION = YES_AGGRESSIVE;
				CLANG_CXX_LANGUAGE_STANDARD = "gnu++0x";
				CLANG_CXX_LIBRARY = "libc++";
				CLANG_ENABLE_MODULES = YES;
				CLANG_ENABLE_OBJC_ARC = YES;
				CLANG_WARN_BOOL_CONVERSION = YES;
				CLANG_WARN_CONSTANT_CONVERSION = YES;
				CLANG_WARN_DIRECT_OBJC_ISA_USAGE = YES_ERROR;
				CLANG_WARN_DOCUMENTATION_COMMENTS = YES;
				CLANG_WARN_EMPTY_BODY = YES;
				CLANG_WARN_ENUM_CONVERSION = YES;
				CLANG_WARN_INFINITE_RECURSION = YES;
				CLANG_WARN_INT_CONVERSION = YES;
				CLANG_WARN_OBJC_ROOT_CLASS = YES_ERROR;
				CLANG_WARN_SUSPICIOUS_MOVE = YES;
				CLANG_WARN_UNREACHABLE_CODE = YES;
				CLANG_WARN__DUPLICATE_METHOD_MATCH = YES;
				"CODE_SIGN_IDENTITY[sdk=iphoneos*]" = "iPhone Developer";
				COPY_PHASE_STRIP = NO;
				DEBUG_INFORMATION_FORMAT = dwarf;
				ENABLE_STRICT_OBJC_MSGSEND = YES;
				ENABLE_TESTABILITY = YES;
				GCC_C_LANGUAGE_STANDARD = gnu99;
				GCC_DYNAMIC_NO_PIC = NO;
				GCC_NO_COMMON_BLOCKS = YES;
				GCC_OPTIMIZATION_LEVEL = 0;
				GCC_PREPROCESSOR_DEFINITIONS = (
					"DEBUG=1",
					"$(inherited)",
				);
				GCC_WARN_64_TO_32_BIT_CONVERSION = YES;
				GCC_WARN_ABOUT_RETURN_TYPE = YES_ERROR;
				GCC_WARN_UNDECLARED_SELECTOR = YES;
				GCC_WARN_UNINITIALIZED_AUTOS = YES_AGGRESSIVE;
				GCC_WARN_UNUSED_FUNCTION = YES;
				GCC_WARN_UNUSED_VARIABLE = YES;
				IPHONEOS_DEPLOYMENT_TARGET = 10.3;
				MTL_ENABLE_DEBUG_INFO = YES;
				ONLY_ACTIVE_ARCH = YES;
				SDKROOT = iphoneos;
				SWIFT_ACTIVE_COMPILATION_CONDITIONS = DEBUG;
				SWIFT_OPTIMIZATION_LEVEL = "-Onone";
			};
			name = Debug;
		};
		4DF415111F3F6A5F00BC4059 /* Release */ = {
			isa = XCBuildConfiguration;
			buildSettings = {
				ALWAYS_SEARCH_USER_PATHS = NO;
				CLANG_ANALYZER_NONNULL = YES;
				CLANG_ANALYZER_NUMBER_OBJECT_CONVERSION = YES_AGGRESSIVE;
				CLANG_CXX_LANGUAGE_STANDARD = "gnu++0x";
				CLANG_CXX_LIBRARY = "libc++";
				CLANG_ENABLE_MODULES = YES;
				CLANG_ENABLE_OBJC_ARC = YES;
				CLANG_WARN_BOOL_CONVERSION = YES;
				CLANG_WARN_CONSTANT_CONVERSION = YES;
				CLANG_WARN_DIRECT_OBJC_ISA_USAGE = YES_ERROR;
				CLANG_WARN_DOCUMENTATION_COMMENTS = YES;
				CLANG_WARN_EMPTY_BODY = YES;
				CLANG_WARN_ENUM_CONVERSION = YES;
				CLANG_WARN_INFINITE_RECURSION = YES;
				CLANG_WARN_INT_CONVERSION = YES;
				CLANG_WARN_OBJC_ROOT_CLASS = YES_ERROR;
				CLANG_WARN_SUSPICIOUS_MOVE = YES;
				CLANG_WARN_UNREACHABLE_CODE = YES;
				CLANG_WARN__DUPLICATE_METHOD_MATCH = YES;
				"CODE_SIGN_IDENTITY[sdk=iphoneos*]" = "iPhone Developer";
				COPY_PHASE_STRIP = NO;
				DEBUG_INFORMATION_FORMAT = "dwarf-with-dsym";
				ENABLE_NS_ASSERTIONS = NO;
				ENABLE_STRICT_OBJC_MSGSEND = YES;
				GCC_C_LANGUAGE_STANDARD = gnu99;
				GCC_NO_COMMON_BLOCKS = YES;
				GCC_WARN_64_TO_32_BIT_CONVERSION = YES;
				GCC_WARN_ABOUT_RETURN_TYPE = YES_ERROR;
				GCC_WARN_UNDECLARED_SELECTOR = YES;
				GCC_WARN_UNINITIALIZED_AUTOS = YES_AGGRESSIVE;
				GCC_WARN_UNUSED_FUNCTION = YES;
				GCC_WARN_UNUSED_VARIABLE = YES;
				IPHONEOS_DEPLOYMENT_TARGET = 10.3;
				MTL_ENABLE_DEBUG_INFO = NO;
				SDKROOT = iphoneos;
				SWIFT_OPTIMIZATION_LEVEL = "-Owholemodule";
				VALIDATE_PRODUCT = YES;
			};
			name = Release;
		};
		4DF415131F3F6A5F00BC4059 /* Debug */ = {
			isa = XCBuildConfiguration;
			baseConfigurationReference = 0639F7733AEDD3EAB5C8B151 /* Pods-ExploringRxSwift.debug.xcconfig */;
			buildSettings = {
				ASSETCATALOG_COMPILER_APPICON_NAME = AppIcon;
				DEVELOPMENT_TEAM = 5PFN962R6A;
				INFOPLIST_FILE = ExploringRxSwift/Info.plist;
				LD_RUNPATH_SEARCH_PATHS = "$(inherited) @executable_path/Frameworks";
				PRODUCT_BUNDLE_IDENTIFIER = com.zummenix.ExploringRxSwift;
				PRODUCT_NAME = "$(TARGET_NAME)";
				SWIFT_VERSION = 3.0;
			};
			name = Debug;
		};
		4DF415141F3F6A5F00BC4059 /* Release */ = {
			isa = XCBuildConfiguration;
			baseConfigurationReference = C60F4BDF957F5DCE054C7F49 /* Pods-ExploringRxSwift.release.xcconfig */;
			buildSettings = {
				ASSETCATALOG_COMPILER_APPICON_NAME = AppIcon;
				DEVELOPMENT_TEAM = 5PFN962R6A;
				INFOPLIST_FILE = ExploringRxSwift/Info.plist;
				LD_RUNPATH_SEARCH_PATHS = "$(inherited) @executable_path/Frameworks";
				PRODUCT_BUNDLE_IDENTIFIER = com.zummenix.ExploringRxSwift;
				PRODUCT_NAME = "$(TARGET_NAME)";
				SWIFT_VERSION = 3.0;
			};
			name = Release;
		};
		4DF415161F3F6A5F00BC4059 /* Debug */ = {
			isa = XCBuildConfiguration;
			baseConfigurationReference = EDDF301365F7C98A81ADA575 /* Pods-ExploringRxSwiftTests.debug.xcconfig */;
			buildSettings = {
				BUNDLE_LOADER = "$(TEST_HOST)";
				DEVELOPMENT_TEAM = 5PFN962R6A;
				INFOPLIST_FILE = ExploringRxSwiftTests/Info.plist;
				LD_RUNPATH_SEARCH_PATHS = "$(inherited) @executable_path/Frameworks @loader_path/Frameworks";
				PRODUCT_BUNDLE_IDENTIFIER = com.zummenix.ExploringRxSwiftTests;
				PRODUCT_NAME = "$(TARGET_NAME)";
				SWIFT_VERSION = 3.0;
				TEST_HOST = "$(BUILT_PRODUCTS_DIR)/ExploringRxSwift.app/ExploringRxSwift";
			};
			name = Debug;
		};
		4DF415171F3F6A5F00BC4059 /* Release */ = {
			isa = XCBuildConfiguration;
			baseConfigurationReference = B49464C3A85A65FD522051C4 /* Pods-ExploringRxSwiftTests.release.xcconfig */;
			buildSettings = {
				BUNDLE_LOADER = "$(TEST_HOST)";
				DEVELOPMENT_TEAM = 5PFN962R6A;
				INFOPLIST_FILE = ExploringRxSwiftTests/Info.plist;
				LD_RUNPATH_SEARCH_PATHS = "$(inherited) @executable_path/Frameworks @loader_path/Frameworks";
				PRODUCT_BUNDLE_IDENTIFIER = com.zummenix.ExploringRxSwiftTests;
				PRODUCT_NAME = "$(TARGET_NAME)";
				SWIFT_VERSION = 3.0;
				TEST_HOST = "$(BUILT_PRODUCTS_DIR)/ExploringRxSwift.app/ExploringRxSwift";
			};
			name = Release;
		};
/* End XCBuildConfiguration section */

/* Begin XCConfigurationList section */
		4DF414F01F3F6A5F00BC4059 /* Build configuration list for PBXProject "ExploringRxSwift" */ = {
			isa = XCConfigurationList;
			buildConfigurations = (
				4DF415101F3F6A5F00BC4059 /* Debug */,
				4DF415111F3F6A5F00BC4059 /* Release */,
			);
			defaultConfigurationIsVisible = 0;
			defaultConfigurationName = Release;
		};
		4DF415121F3F6A5F00BC4059 /* Build configuration list for PBXNativeTarget "ExploringRxSwift" */ = {
			isa = XCConfigurationList;
			buildConfigurations = (
				4DF415131F3F6A5F00BC4059 /* Debug */,
				4DF415141F3F6A5F00BC4059 /* Release */,
			);
			defaultConfigurationIsVisible = 0;
			defaultConfigurationName = Release;
		};
		4DF415151F3F6A5F00BC4059 /* Build configuration list for PBXNativeTarget "ExploringRxSwiftTests" */ = {
			isa = XCConfigurationList;
			buildConfigurations = (
				4DF415161F3F6A5F00BC4059 /* Debug */,
				4DF415171F3F6A5F00BC4059 /* Release */,
			);
			defaultConfigurationIsVisible = 0;
			defaultConfigurationName = Release;
		};
/* End XCConfigurationList section */
	};
	rootObject = 4DF414ED1F3F6A5F00BC4059 /* Project object */;
}
